<?xml version="1.0" encoding="utf-8"?>
<Project ToolsVersion="4.0" xmlns="http://schemas.microsoft.com/developer/msbuild/2003">
  <ItemGroup>
    <ClCompile Include="Application.cpp" />
    <ClCompile Include="HeightMap.cpp" />
    <ClCompile Include="Hierarchy.cpp">
      <Filter>Hiearchy</Filter>
    </ClCompile>
    <ClCompile Include="MeshComponent.cpp">
      <Filter>Hiearchy</Filter>
    </ClCompile>
    <ClCompile Include="Bullet.cpp">
      <Filter>Aeroplane\Bullet</Filter>
    </ClCompile>
    <ClCompile Include="Aeroplane.cpp">
      <Filter>Aeroplane</Filter>
    </ClCompile>
    <ClCompile Include="Robot.cpp">
      <Filter>Robot</Filter>
    </ClCompile>
    <ClCompile Include="tinyxml2.cpp">
      <Filter>Animation\TinyXML</Filter>
    </ClCompile>
    <ClCompile Include="AnimationParser.cpp">
      <Filter>Animation</Filter>
    </ClCompile>
    <ClCompile Include="Animation.cpp">
      <Filter>Animation</Filter>
    </ClCompile>
    <ClCompile Include="AnimationController.cpp">
      <Filter>Animation</Filter>
    </ClCompile>
    <ClCompile Include="BulletPool.cpp">
      <Filter>Aeroplane\Bullet</Filter>
    </ClCompile>
  </ItemGroup>
  <ItemGroup>
    <ClInclude Include="Application.h" />
    <ClInclude Include="HeightMap.h" />
    <ClInclude Include="Hierarchy.h">
      <Filter>Hiearchy</Filter>
    </ClInclude>
    <ClInclude Include="MeshComponent.h">
      <Filter>Hiearchy</Filter>
    </ClInclude>
    <ClInclude Include="Bullet.h">
      <Filter>Aeroplane\Bullet</Filter>
    </ClInclude>
    <ClInclude Include="Aeroplane.h">
      <Filter>Aeroplane</Filter>
    </ClInclude>
    <ClInclude Include="Robot.h">
      <Filter>Robot</Filter>
    </ClInclude>
    <ClInclude Include="tinyxml2.h">
      <Filter>Animation\TinyXML</Filter>
    </ClInclude>
    <ClInclude Include="AnimationParser.h">
      <Filter>Animation</Filter>
    </ClInclude>
    <ClInclude Include="Animation.h">
      <Filter>Animation</Filter>
    </ClInclude>
    <ClInclude Include="AnimationController.h">
      <Filter>Animation</Filter>
    </ClInclude>
    <ClInclude Include="BulletPool.h">
      <Filter>Aeroplane\Bullet</Filter>
    </ClInclude>
  </ItemGroup>
  <ItemGroup>
    <Filter Include="Hiearchy">
      <UniqueIdentifier>{66b75d45-3be6-4fee-9921-b0eaac6d8a58}</UniqueIdentifier>
    </Filter>
    <Filter Include="Aeroplane">
      <UniqueIdentifier>{58ade5f0-3b53-4aa6-b98c-c491a9ab5367}</UniqueIdentifier>
    </Filter>
    <Filter Include="Aeroplane\Bullet">
      <UniqueIdentifier>{f7f4dd57-7ef8-47ab-834d-64cbbe348395}</UniqueIdentifier>
    </Filter>
    <Filter Include="Robot">
      <UniqueIdentifier>{c35533e1-6297-4d01-a5ad-17b510247a68}</UniqueIdentifier>
    </Filter>
    <Filter Include="Animation">
      <UniqueIdentifier>{bdae9d2f-36b8-417d-a6b0-0e6beaf9f657}</UniqueIdentifier>
    </Filter>
    <Filter Include="Animation\TinyXML">
      <UniqueIdentifier>{657a8704-812d-42a0-a523-94506f2a02bf}</UniqueIdentifier>
    </Filter>
    <Filter Include="Resources">
      <UniqueIdentifier>{c2885a54-98a2-4724-82c8-172530c84717}</UniqueIdentifier>
    </Filter>
    <Filter Include="Resources\Plane">
      <UniqueIdentifier>{18e91d54-62c7-4757-b0d0-69d285146051}</UniqueIdentifier>
    </Filter>
    <Filter Include="Resources\Robot">
      <UniqueIdentifier>{d65312a4-21b6-4454-9205-ae29f5e3a611}</UniqueIdentifier>
    </Filter>
    <Filter Include="Resources\HeightMap">
      <UniqueIdentifier>{ed3be858-fc5c-42f6-aacb-da9ee0007245}</UniqueIdentifier>
    </Filter>
    <Filter Include="Resources\Bin">
      <UniqueIdentifier>{eb4504d4-d01a-47d7-b429-be9420d757cc}</UniqueIdentifier>
    </Filter>
  </ItemGroup>
  <ItemGroup>
    <None Include="Resources\Plane\turret.x">
      <Filter>Resources\Plane</Filter>
    </None>
    <None Include="Resources\Plane\bullet.x">
      <Filter>Resources\Plane</Filter>
    </None>
    <None Include="Resources\Plane\gun.x">
      <Filter>Resources\Plane</Filter>
    </None>
    <None Include="Resources\Plane\plane.x">
      <Filter>Resources\Plane</Filter>
    </None>
    <None Include="Resources\Plane\prop.x">
      <Filter>Resources\Plane</Filter>
    </None>
    <None Include="Resources\Robot\body.x">
      <Filter>Resources\Robot</Filter>
    </None>
    <None Include="Resources\Robot\left_ankle.x">
      <Filter>Resources\Robot</Filter>
    </None>
    <None Include="Resources\Robot\left_elbow.x">
      <Filter>Resources\Robot</Filter>
    </None>
    <None Include="Resources\Robot\left_hip.x">
      <Filter>Resources\Robot</Filter>
    </None>
    <None Include="Resources\Robot\left_knee.x">
      <Filter>Resources\Robot</Filter>
    </None>
    <None Include="Resources\Robot\left_shoulder.x">
      <Filter>Resources\Robot</Filter>
    </None>
    <None Include="Resources\Robot\left_wrist.x">
      <Filter>Resources\Robot</Filter>
    </None>
    <None Include="Resources\Robot\neck.x">
      <Filter>Resources\Robot</Filter>
    </None>
    <None Include="Resources\Robot\pelvis.x">
      <Filter>Resources\Robot</Filter>
    </None>
    <None Include="Resources\Robot\right_ankle.x">
      <Filter>Resources\Robot</Filter>
    </None>
    <None Include="Resources\Robot\right_elbow.x">
      <Filter>Resources\Robot</Filter>
    </None>
    <None Include="Resources\Robot\right_hip.x">
      <Filter>Resources\Robot</Filter>
    </None>
    <None Include="Resources\Robot\right_knee.x">
      <Filter>Resources\Robot</Filter>
    </None>
    <None Include="Resources\Robot\right_shoulder.x">
      <Filter>Resources\Robot</Filter>
    </None>
    <None Include="Resources\Robot\right_wrist.x">
      <Filter>Resources\Robot</Filter>
    </None>
    <None Include="Resources\heightmap.psd">
      <Filter>Resources\HeightMap</Filter>
    </None>
    <None Include="..\..\bin\HierarchyAnimation.zip">
      <Filter>Resources\Bin</Filter>
    </None>
  </ItemGroup>
  <ItemGroup>
    <Text Include="Resources\Plane\pHierarchy.txt">
      <Filter>Resources\Plane</Filter>
    </Text>
    <Text Include="Resources\Robot\rHierarchy.txt">
      <Filter>Resources\Robot</Filter>
    </Text>
    <Text Include="Resources\Robot\RobotAttackAnimDAE.txt">
      <Filter>Resources\Robot</Filter>
    </Text>
    <Text Include="Resources\Robot\RobotDieAnimDAE.txt">
      <Filter>Resources\Robot</Filter>
    </Text>
    <Text Include="Resources\Robot\RobotIdleAnimDAE.txt">
      <Filter>Resources\Robot</Filter>
    </Text>
  </ItemGroup>
  <ItemGroup>
    <Image Include="Resources\heightmap.bmp">
      <Filter>Resources\HeightMap</Filter>
    </Image>
    <Image Include="Resources\test.bmp">
      <Filter>Resources\HeightMap</Filter>
    </Image>
  </ItemGroup>
</Project>